// !$*UTF8*$!
{
	archiveVersion = 1;
	classes = {
	};
	objectVersion = 50;
	objects = {

/* Begin PBXBuildFile section */
		080EE7BF2527130B00C5524F /* AppDelegate.swift in Sources */ = {isa = PBXBuildFile; fileRef = 080EE7BE2527130B00C5524F /* AppDelegate.swift */; };
		080EE7C12527130B00C5524F /* SceneDelegate.swift in Sources */ = {isa = PBXBuildFile; fileRef = 080EE7C02527130B00C5524F /* SceneDelegate.swift */; };
		080EE7C32527130B00C5524F /* ContentView.swift in Sources */ = {isa = PBXBuildFile; fileRef = 080EE7C22527130B00C5524F /* ContentView.swift */; };
		080EE7C52527131300C5524F /* Assets.xcassets in Resources */ = {isa = PBXBuildFile; fileRef = 080EE7C42527131300C5524F /* Assets.xcassets */; };
		080EE7C82527131300C5524F /* Preview Assets.xcassets in Resources */ = {isa = PBXBuildFile; fileRef = 080EE7C72527131300C5524F /* Preview Assets.xcassets */; };
		080EE7CB2527131300C5524F /* LaunchScreen.storyboard in Resources */ = {isa = PBXBuildFile; fileRef = 080EE7C92527131300C5524F /* LaunchScreen.storyboard */; };
		080EE7D7252713EF00C5524F /* Source.swift in Sources */ = {isa = PBXBuildFile; fileRef = 080EE7D6252713EF00C5524F /* Source.swift */; };
		080EE7D92527142A00C5524F /* Article.swift in Sources */ = {isa = PBXBuildFile; fileRef = 080EE7D82527142A00C5524F /* Article.swift */; };
		080EE7DB2527154100C5524F /* ApiResponse.swift in Sources */ = {isa = PBXBuildFile; fileRef = 080EE7DA2527154100C5524F /* ApiResponse.swift */; };
		080EE7DD252716C600C5524F /* ArticleViewModel.swift in Sources */ = {isa = PBXBuildFile; fileRef = 080EE7DC252716C600C5524F /* ArticleViewModel.swift */; };
/* End PBXBuildFile section */

/* Begin PBXFileReference section */
		080EE7BB2527130B00C5524F /* NewsApp.app */ = {isa = PBXFileReference; explicitFileType = wrapper.application; includeInIndex = 0; path = NewsApp.app; sourceTree = BUILT_PRODUCTS_DIR; };
		080EE7BE2527130B00C5524F /* AppDelegate.swift */ = {isa = PBXFileReference; lastKnownFileType = sourcecode.swift; path = AppDelegate.swift; sourceTree = "<group>"; };
		080EE7C02527130B00C5524F /* SceneDelegate.swift */ = {isa = PBXFileReference; lastKnownFileType = sourcecode.swift; path = SceneDelegate.swift; sourceTree = "<group>"; };
		080EE7C22527130B00C5524F /* ContentView.swift */ = {isa = PBXFileReference; lastKnownFileType = sourcecode.swift; path = ContentView.swift; sourceTree = "<group>"; };
		080EE7C42527131300C5524F /* Assets.xcassets */ = {isa = PBXFileReference; lastKnownFileType = folder.assetcatalog; path = Assets.xcassets; sourceTree = "<group>"; };
		080EE7C72527131300C5524F /* Preview Assets.xcassets */ = {isa = PBXFileReference; lastKnownFileType = folder.assetcatalog; path = "Preview Assets.xcassets"; sourceTree = "<group>"; };
		080EE7CA2527131300C5524F /* Base */ = {isa = PBXFileReference; lastKnownFileType = file.storyboard; name = Base; path = Base.lproj/LaunchScreen.storyboard; sourceTree = "<group>"; };
		080EE7CC2527131300C5524F /* Info.plist */ = {isa = PBXFileReference; lastKnownFileType = text.plist.xml; path = Info.plist; sourceTree = "<group>"; };
		080EE7D6252713EF00C5524F /* Source.swift */ = {isa = PBXFileReference; lastKnownFileType = sourcecode.swift; path = Source.swift; sourceTree = "<group>"; };
		080EE7D82527142A00C5524F /* Article.swift */ = {isa = PBXFileReference; lastKnownFileType = sourcecode.swift; path = Article.swift; sourceTree = "<group>"; };
		080EE7DA2527154100C5524F /* ApiResponse.swift */ = {isa = PBXFileReference; lastKnownFileType = sourcecode.swift; path = ApiResponse.swift; sourceTree = "<group>"; };
		080EE7DC252716C600C5524F /* ArticleViewModel.swift */ = {isa = PBXFileReference; lastKnownFileType = sourcecode.swift; path = ArticleViewModel.swift; sourceTree = "<group>"; };
/* End PBXFileReference section */

/* Begin PBXFrameworksBuildPhase section */
		080EE7B82527130B00C5524F /* Frameworks */ = {
			isa = PBXFrameworksBuildPhase;
			buildActionMask = 2147483647;
			files = (
			);
			runOnlyForDeploymentPostprocessing = 0;
		};
/* End PBXFrameworksBuildPhase section */

/* Begin PBXGroup section */
		080EE7B22527130B00C5524F = {
			isa = PBXGroup;
			children = (
				080EE7BD2527130B00C5524F /* NewsApp */,
				080EE7BC2527130B00C5524F /* Products */,
			);
			sourceTree = "<group>";
		};
		080EE7BC2527130B00C5524F /* Products */ = {
			isa = PBXGroup;
			children = (
				080EE7BB2527130B00C5524F /* NewsApp.app */,
			);
			name = Products;
			sourceTree = "<group>";
		};
		080EE7BD2527130B00C5524F /* NewsApp */ = {
			isa = PBXGroup;
			children = (
				080EE7D52527135B00C5524F /* ViewModel */,
				080EE7D42527135500C5524F /* View */,
				080EE7D32527134700C5524F /* Model */,
				080EE7D22527132F00C5524F /* Lifecycle */,
				080EE7C22527130B00C5524F /* ContentView.swift */,
				080EE7C42527131300C5524F /* Assets.xcassets */,
				080EE7C92527131300C5524F /* LaunchScreen.storyboard */,
				080EE7CC2527131300C5524F /* Info.plist */,
				080EE7C62527131300C5524F /* Preview Content */,
			);
			path = NewsApp;
			sourceTree = "<group>";
		};
		080EE7C62527131300C5524F /* Preview Content */ = {
			isa = PBXGroup;
			children = (
				080EE7C72527131300C5524F /* Preview Assets.xcassets */,
			);
			path = "Preview Content";
			sourceTree = "<group>";
		};
		080EE7D22527132F00C5524F /* Lifecycle */ = {
			isa = PBXGroup;
			children = (
				080EE7BE2527130B00C5524F /* AppDelegate.swift */,
				080EE7C02527130B00C5524F /* SceneDelegate.swift */,
			);
			path = Lifecycle;
			sourceTree = "<group>";
		};
		080EE7D32527134700C5524F /* Model */ = {
			isa = PBXGroup;
			children = (
				080EE7D6252713EF00C5524F /* Source.swift */,
				080EE7D82527142A00C5524F /* Article.swift */,
				080EE7DA2527154100C5524F /* ApiResponse.swift */,
			);
			path = Model;
			sourceTree = "<group>";
		};
		080EE7D42527135500C5524F /* View */ = {
			isa = PBXGroup;
			children = (
			);
			path = View;
			sourceTree = "<group>";
		};
		080EE7D52527135B00C5524F /* ViewModel */ = {
			isa = PBXGroup;
			children = (
				080EE7DC252716C600C5524F /* ArticleViewModel.swift */,
			);
			path = ViewModel;
			sourceTree = "<group>";
		};
/* End PBXGroup section */

/* Begin PBXNativeTarget section */
		080EE7BA2527130B00C5524F /* NewsApp */ = {
			isa = PBXNativeTarget;
			buildConfigurationList = 080EE7CF2527131300C5524F /* Build configuration list for PBXNativeTarget "NewsApp" */;
			buildPhases = (
				080EE7B72527130B00C5524F /* Sources */,
				080EE7B82527130B00C5524F /* Frameworks */,
				080EE7B92527130B00C5524F /* Resources */,
			);
			buildRules = (
			);
			dependencies = (
			);
			name = NewsApp;
			productName = NewsApp;
			productReference = 080EE7BB2527130B00C5524F /* NewsApp.app */;
			productType = "com.apple.product-type.application";
		};
/* End PBXNativeTarget section */

/* Begin PBXProject section */
		080EE7B32527130B00C5524F /* Project object */ = {
			isa = PBXProject;
			attributes = {
				LastSwiftUpdateCheck = 1140;
				LastUpgradeCheck = 1140;
				ORGANIZATIONNAME = iTrainer;
				TargetAttributes = {
					080EE7BA2527130B00C5524F = {
						CreatedOnToolsVersion = 11.4.1;
					};
				};
			};
			buildConfigurationList = 080EE7B62527130B00C5524F /* Build configuration list for PBXProject "NewsApp" */;
			compatibilityVersion = "Xcode 9.3";
			developmentRegion = en;
			hasScannedForEncodings = 0;
			knownRegions = (
				en,
				Base,
			);
			mainGroup = 080EE7B22527130B00C5524F;
			productRefGroup = 080EE7BC2527130B00C5524F /* Products */;
			projectDirPath = "";
			projectRoot = "";
			targets = (
				080EE7BA2527130B00C5524F /* NewsApp */,
			);
		};
/* End PBXProject section */

/* Begin PBXResourcesBuildPhase section */
		080EE7B92527130B00C5524F /* Resources */ = {
			isa = PBXResourcesBuildPhase;
			buildActionMask = 2147483647;
			files = (
				080EE7CB2527131300C5524F /* LaunchScreen.storyboard in Resources */,
				080EE7C82527131300C5524F /* Preview Assets.xcassets in Resources */,
				080EE7C52527131300C5524F /* Assets.xcassets in Resources */,
			);
			runOnlyForDeploymentPostprocessing = 0;
		};
/* End PBXResourcesBuildPhase section */

/* Begin PBXSourcesBuildPhase section */
		080EE7B72527130B00C5524F /* Sources */ = {
			isa = PBXSourcesBuildPhase;
			buildActionMask = 2147483647;
			files = (
				080EE7D7252713EF00C5524F /* Source.swift in Sources */,
				080EE7BF2527130B00C5524F /* AppDelegate.swift in Sources */,
				080EE7C12527130B00C5524F /* SceneDelegate.swift in Sources */,
				080EE7DB2527154100C5524F /* ApiResponse.swift in Sources */,
				080EE7C32527130B00C5524F /* ContentView.swift in Sources */,
				080EE7DD252716C600C5524F /* ArticleViewModel.swift in Sources */,
				080EE7D92527142A00C5524F /* Article.swift in Sources */,
			);
			runOnlyForDeploymentPostprocessing = 0;
		};
/* End PBXSourcesBuildPhase section */

/* Begin PBXVariantGroup section */
		080EE7C92527131300C5524F /* LaunchScreen.storyboard */ = {
			isa = PBXVariantGroup;
			children = (
				080EE7CA2527131300C5524F /* Base */,
			);
			name = LaunchScreen.storyboard;
			sourceTree = "<group>";
		};
/* End PBXVariantGroup section */

/* Begin XCBuildConfiguration section */
		080EE7CD2527131300C5524F /* Debug */ = {
			isa = XCBuildConfiguration;
			buildSettings = {
				ALWAYS_SEARCH_USER_PATHS = NO;
				CLANG_ANALYZER_NONNULL = YES;
				CLANG_ANALYZER_NUMBER_OBJECT_CONVERSION = YES_AGGRESSIVE;
				CLANG_CXX_LANGUAGE_STANDARD = "gnu++14";
				CLANG_CXX_LIBRARY = "libc++";
				CLANG_ENABLE_MODULES = YES;
				CLANG_ENABLE_OBJC_ARC = YES;
				CLANG_ENABLE_OBJC_WEAK = YES;
				CLANG_WARN_BLOCK_CAPTURE_AUTORELEASING = YES;
				CLANG_WARN_BOOL_CONVERSION = YES;
				CLANG_WARN_COMMA = YES;
				CLANG_WARN_CONSTANT_CONVERSION = YES;
				CLANG_WARN_DEPRECATED_OBJC_IMPLEMENTATIONS = YES;
				CLANG_WARN_DIRECT_OBJC_ISA_USAGE = YES_ERROR;
				CLANG_WARN_DOCUMENTATION_COMMENTS = YES;
				CLANG_WARN_EMPTY_BODY = YES;
				CLANG_WARN_ENUM_CONVERSION = YES;
				CLANG_WARN_INFINITE_RECURSION = YES;
				CLANG_WARN_INT_CONVERSION = YES;
				CLANG_WARN_NON_LITERAL_NULL_CONVERSION = YES;
				CLANG_WARN_OBJC_IMPLICIT_RETAIN_SELF = YES;
				CLANG_WARN_OBJC_LITERAL_CONVERSION = YES;
				CLANG_WARN_OBJC_ROOT_CLASS = YES_ERROR;
				CLANG_WARN_RANGE_LOOP_ANALYSIS = YES;
				CLANG_WARN_STRICT_PROTOTYPES = YES;
				CLANG_WARN_SUSPICIOUS_MOVE = YES;
				CLANG_WARN_UNGUARDED_AVAILABILITY = YES_AGGRESSIVE;
				CLANG_WARN_UNREACHABLE_CODE = YES;
				CLANG_WARN__DUPLICATE_METHOD_MATCH = YES;
				COPY_PHASE_STRIP = NO;
				DEBUG_INFORMATION_FORMAT = dwarf;
				ENABLE_STRICT_OBJC_MSGSEND = YES;
				ENABLE_TESTABILITY = YES;
				GCC_C_LANGUAGE_STANDARD = gnu11;
				GCC_DYNAMIC_NO_PIC = NO;
				GCC_NO_COMMON_BLOCKS = YES;
				GCC_OPTIMIZATION_LEVEL = 0;
				GCC_PREPROCESSOR_DEFINITIONS = (
					"DEBUG=1",
					"$(inherited)",
				);
				GCC_WARN_64_TO_32_BIT_CONVERSION = YES;
				GCC_WARN_ABOUT_RETURN_TYPE = YES_ERROR;
				GCC_WARN_UNDECLARED_SELECTOR = YES;
				GCC_WARN_UNINITIALIZED_AUTOS = YES_AGGRESSIVE;
				GCC_WARN_UNUSED_FUNCTION = YES;
				GCC_WARN_UNUSED_VARIABLE = YES;
				IPHONEOS_DEPLOYMENT_TARGET = 13.4;
				MTL_ENABLE_DEBUG_INFO = INCLUDE_SOURCE;
				MTL_FAST_MATH = YES;
				ONLY_ACTIVE_ARCH = YES;
				SDKROOT = iphoneos;
				SWIFT_ACTIVE_COMPILATION_CONDITIONS = DEBUG;
				SWIFT_OPTIMIZATION_LEVEL = "-Onone";
			};
			name = Debug;
		};
		080EE7CE2527131300C5524F /* Release */ = {
			isa = XCBuildConfiguration;
			buildSettings = {
				ALWAYS_SEARCH_USER_PATHS = NO;
				CLANG_ANALYZER_NONNULL = YES;
				CLANG_ANALYZER_NUMBER_OBJECT_CONVERSION = YES_AGGRESSIVE;
				CLANG_CXX_LANGUAGE_STANDARD = "gnu++14";
				CLANG_CXX_LIBRARY = "libc++";
				CLANG_ENABLE_MODULES = YES;
				CLANG_ENABLE_OBJC_ARC = YES;
				CLANG_ENABLE_OBJC_WEAK = YES;
				CLANG_WARN_BLOCK_CAPTURE_AUTORELEASING = YES;
				CLANG_WARN_BOOL_CONVERSION = YES;
				CLANG_WARN_COMMA = YES;
				CLANG_WARN_CONSTANT_CONVERSION = YES;
				CLANG_WARN_DEPRECATED_OBJC_IMPLEMENTATIONS = YES;
				CLANG_WARN_DIRECT_OBJC_ISA_USAGE = YES_ERROR;
				CLANG_WARN_DOCUMENTATION_COMMENTS = YES;
				CLANG_WARN_EMPTY_BODY = YES;
				CLANG_WARN_ENUM_CONVERSION = YES;
				CLANG_WARN_INFINITE_RECURSION = YES;
				CLANG_WARN_INT_CONVERSION = YES;
				CLANG_WARN_NON_LITERAL_NULL_CONVERSION = YES;
				CLANG_WARN_OBJC_IMPLICIT_RETAIN_SELF = YES;
				CLANG_WARN_OBJC_LITERAL_CONVERSION = YES;
				CLANG_WARN_OBJC_ROOT_CLASS = YES_ERROR;
				CLANG_WARN_RANGE_LOOP_ANALYSIS = YES;
				CLANG_WARN_STRICT_PROTOTYPES = YES;
				CLANG_WARN_SUSPICIOUS_MOVE = YES;
				CLANG_WARN_UNGUARDED_AVAILABILITY = YES_AGGRESSIVE;
				CLANG_WARN_UNREACHABLE_CODE = YES;
				CLANG_WARN__DUPLICATE_METHOD_MATCH = YES;
				COPY_PHASE_STRIP = NO;
				DEBUG_INFORMATION_FORMAT = "dwarf-with-dsym";
				ENABLE_NS_ASSERTIONS = NO;
				ENABLE_STRICT_OBJC_MSGSEND = YES;
				GCC_C_LANGUAGE_STANDARD = gnu11;
				GCC_NO_COMMON_BLOCKS = YES;
				GCC_WARN_64_TO_32_BIT_CONVERSION = YES;
				GCC_WARN_ABOUT_RETURN_TYPE = YES_ERROR;
				GCC_WARN_UNDECLARED_SELECTOR = YES;
				GCC_WARN_UNINITIALIZED_AUTOS = YES_AGGRESSIVE;
				GCC_WARN_UNUSED_FUNCTION = YES;
				GCC_WARN_UNUSED_VARIABLE = YES;
				IPHONEOS_DEPLOYMENT_TARGET = 13.4;
				MTL_ENABLE_DEBUG_INFO = NO;
				MTL_FAST_MATH = YES;
				SDKROOT = iphoneos;
				SWIFT_COMPILATION_MODE = wholemodule;
				SWIFT_OPTIMIZATION_LEVEL = "-O";
				VALIDATE_PRODUCT = YES;
			};
			name = Release;
		};
		080EE7D02527131300C5524F /* Debug */ = {
			isa = XCBuildConfiguration;
			buildSettings = {
				ASSETCATALOG_COMPILER_APPICON_NAME = AppIcon;
				CODE_SIGN_STYLE = Automatic;
				DEVELOPMENT_ASSET_PATHS = "\"NewsApp/Preview Content\"";
				ENABLE_PREVIEWS = YES;
				INFOPLIST_FILE = NewsApp/Info.plist;
				LD_RUNPATH_SEARCH_PATHS = (
					"$(inherited)",
					"@executable_path/Frameworks",
				);
				PRODUCT_BUNDLE_IDENTIFIER = com.itrainer.NewsApp;
				PRODUCT_NAME = "$(TARGET_NAME)";
				SWIFT_VERSION = 5.0;
				TARGETED_DEVICE_FAMILY = "1,2";
			};
			name = Debug;
		};
		080EE7D12527131300C5524F /* Release */ = {
			isa = XCBuildConfiguration;
			buildSettings = {
				ASSETCATALOG_COMPILER_APPICON_NAME = AppIcon;
				CODE_SIGN_STYLE = Automatic;
				DEVELOPMENT_ASSET_PATHS = "\"NewsApp/Preview Content\"";
				ENABLE_PREVIEWS = YES;
				INFOPLIST_FILE = NewsApp/Info.plist;
				LD_RUNPATH_SEARCH_PATHS = (
					"$(inherited)",
					"@executable_path/Frameworks",
				);
				PRODUCT_BUNDLE_IDENTIFIER = com.itrainer.NewsApp;
				PRODUCT_NAME = "$(TARGET_NAME)";
				SWIFT_VERSION = 5.0;
				TARGETED_DEVICE_FAMILY = "1,2";
			};
			name = Release;
		};
/* End XCBuildConfiguration section */

/* Begin XCConfigurationList section */
		080EE7B62527130B00C5524F /* Build configuration list for PBXProject "NewsApp" */ = {
			isa = XCConfigurationList;
			buildConfigurations = (
				080EE7CD2527131300C5524F /* Debug */,
				080EE7CE2527131300C5524F /* Release */,
			);
			defaultConfigurationIsVisible = 0;
			defaultConfigurationName = Release;
		};
		080EE7CF2527131300C5524F /* Build configuration list for PBXNativeTarget "NewsApp" */ = {
			isa = XCConfigurationList;
			buildConfigurations = (
				080EE7D02527131300C5524F /* Debug */,
				080EE7D12527131300C5524F /* Release */,
			);
			defaultConfigurationIsVisible = 0;
			defaultConfigurationName = Release;
		};
/* End XCConfigurationList section */
	};
	rootObject = 080EE7B32527130B00C5524F /* Project object */;
}
